
Microsoft Visual Studio Solution File, Format Version 12.00
# Visual Studio Version 17
VisualStudioVersion = 17.3.32811.315
MinimumVisualStudioVersion = 10.0.40219.1
Project("{9A19103F-16F7-4668-BE54-9A1E7A4F7556}") = "jcGAI.WebAPI", "jcGAI.WebAPI\jcGAI.WebAPI.csproj", "{7E62C46F-8ECF-4B7B-8265-936C472D24D4}"
EndProject
Project("{FAE04EC0-301F-11D3-BF4B-00C04F79EFBC}") = "jcGAI.UnitTests", "jcGAI.UnitTests\jcGAI.UnitTests.csproj", "{0CAC9550-B0F6-4CD8-91E5-81B752B6FD3C}"
EndProject
Global
	GlobalSection(SolutionConfigurationPlatforms) = preSolution
		Debug|Any CPU = Debug|Any CPU
		Release|Any CPU = Release|Any CPU
	EndGlobalSection
	GlobalSection(ProjectConfigurationPlatforms) = postSolution
		{7E62C46F-8ECF-4B7B-8265-936C472D24D4}.Debug|Any CPU.ActiveCfg = Debug|Any CPU
		{7E62C46F-8ECF-4B7B-8265-936C472D24D4}.Debug|Any CPU.Build.0 = Debug|Any CPU
		{7E62C46F-8ECF-4B7B-8265-936C472D24D4}.Release|Any CPU.ActiveCfg = Release|Any CPU
		{7E62C46F-8ECF-4B7B-8265-936C472D24D4}.Release|Any CPU.Build.0 = Release|Any CPU
		{0CAC9550-B0F6-4CD8-91E5-81B752B6FD3C}.Debug|Any CPU.ActiveCfg = Debug|Any CPU
		{0CAC9550-B0F6-4CD8-91E5-81B752B6FD3C}.Debug|Any CPU.Build.0 = Debug|Any CPU
		{0CAC9550-B0F6-4CD8-91E5-81B752B6FD3C}.Release|Any CPU.ActiveCfg = Release|Any CPU
		{0CAC9550-B0F6-4CD8-91E5-81B752B6FD3C}.Release|Any CPU.Build.0 = Release|Any CPU
	EndGlobalSection
	GlobalSection(SolutionProperties) = preSolution
		HideSolutionNode = FALSE
	EndGlobalSection
	GlobalSection(ExtensibilityGlobals) = postSolution
		SolutionGuid = {7C01F60C-B880-4129-9953-C4ECA4271C13}
	EndGlobalSection
EndGlobal
